// !$*UTF8*$!
{
	archiveVersion = 1;
	classes = {
	};
	objectVersion = 46;
	objects = {

/* Begin PBXBuildFile section */
		B67DBF2F1B42E8F6006DE335 /* main.m in Sources */ = {isa = PBXBuildFile; fileRef = B67DBF2E1B42E8F6006DE335 /* main.m */; };
		B67DBF321B42E8F6006DE335 /* AppDelegate.m in Sources */ = {isa = PBXBuildFile; fileRef = B67DBF311B42E8F6006DE335 /* AppDelegate.m */; };
		B67DBF351B42E8F6006DE335 /* ViewController.m in Sources */ = {isa = PBXBuildFile; fileRef = B67DBF341B42E8F6006DE335 /* ViewController.m */; };
		B67DBF381B42E8F6006DE335 /* Main.storyboard in Resources */ = {isa = PBXBuildFile; fileRef = B67DBF361B42E8F6006DE335 /* Main.storyboard */; };
		B67DBF3A1B42E8F6006DE335 /* Images.xcassets in Resources */ = {isa = PBXBuildFile; fileRef = B67DBF391B42E8F6006DE335 /* Images.xcassets */; };
		B67DBF3D1B42E8F6006DE335 /* LaunchScreen.xib in Resources */ = {isa = PBXBuildFile; fileRef = B67DBF3B1B42E8F6006DE335 /* LaunchScreen.xib */; };
		B67DBF491B42E8F6006DE335 /* LuaBridgeDemoTests.m in Sources */ = {isa = PBXBuildFile; fileRef = B67DBF481B42E8F6006DE335 /* LuaBridgeDemoTests.m */; };
/* End PBXBuildFile section */

/* Begin PBXContainerItemProxy section */
		B67DBF431B42E8F6006DE335 /* PBXContainerItemProxy */ = {
			isa = PBXContainerItemProxy;
			containerPortal = B67DBF211B42E8F5006DE335 /* Project object */;
			proxyType = 1;
			remoteGlobalIDString = B67DBF281B42E8F6006DE335;
			remoteInfo = LuaBridgeDemo;
		};
/* End PBXContainerItemProxy section */

/* Begin PBXFileReference section */
		B67DBF291B42E8F6006DE335 /* LuaBridgeDemo.app */ = {isa = PBXFileReference; explicitFileType = wrapper.application; includeInIndex = 0; path = LuaBridgeDemo.app; sourceTree = BUILT_PRODUCTS_DIR; };
		B67DBF2D1B42E8F6006DE335 /* Info.plist */ = {isa = PBXFileReference; lastKnownFileType = text.plist.xml; path = Info.plist; sourceTree = "<group>"; };
		B67DBF2E1B42E8F6006DE335 /* main.m */ = {isa = PBXFileReference; lastKnownFileType = sourcecode.c.objc; path = main.m; sourceTree = "<group>"; };
		B67DBF301B42E8F6006DE335 /* AppDelegate.h */ = {isa = PBXFileReference; lastKnownFileType = sourcecode.c.h; path = AppDelegate.h; sourceTree = "<group>"; };
		B67DBF311B42E8F6006DE335 /* AppDelegate.m */ = {isa = PBXFileReference; lastKnownFileType = sourcecode.c.objc; path = AppDelegate.m; sourceTree = "<group>"; };
		B67DBF331B42E8F6006DE335 /* ViewController.h */ = {isa = PBXFileReference; lastKnownFileType = sourcecode.c.h; path = ViewController.h; sourceTree = "<group>"; };
		B67DBF341B42E8F6006DE335 /* ViewController.m */ = {isa = PBXFileReference; lastKnownFileType = sourcecode.c.objc; path = ViewController.m; sourceTree = "<group>"; };
		B67DBF371B42E8F6006DE335 /* Base */ = {isa = PBXFileReference; lastKnownFileType = file.storyboard; name = Base; path = Base.lproj/Main.storyboard; sourceTree = "<group>"; };
		B67DBF391B42E8F6006DE335 /* Images.xcassets */ = {isa = PBXFileReference; lastKnownFileType = folder.assetcatalog; path = Images.xcassets; sourceTree = "<group>"; };
		B67DBF3C1B42E8F6006DE335 /* Base */ = {isa = PBXFileReference; lastKnownFileType = file.xib; name = Base; path = Base.lproj/LaunchScreen.xib; sourceTree = "<group>"; };
		B67DBF421B42E8F6006DE335 /* LuaBridgeDemoTests.xctest */ = {isa = PBXFileReference; explicitFileType = wrapper.cfbundle; includeInIndex = 0; path = LuaBridgeDemoTests.xctest; sourceTree = BUILT_PRODUCTS_DIR; };
		B67DBF471B42E8F6006DE335 /* Info.plist */ = {isa = PBXFileReference; lastKnownFileType = text.plist.xml; path = Info.plist; sourceTree = "<group>"; };
		B67DBF481B42E8F6006DE335 /* LuaBridgeDemoTests.m */ = {isa = PBXFileReference; lastKnownFileType = sourcecode.c.objc; path = LuaBridgeDemoTests.m; sourceTree = "<group>"; };
/* End PBXFileReference section */

/* Begin PBXFrameworksBuildPhase section */
		B67DBF261B42E8F6006DE335 /* Frameworks */ = {
			isa = PBXFrameworksBuildPhase;
			buildActionMask = 2147483647;
			files = (
			);
			runOnlyForDeploymentPostprocessing = 0;
		};
		B67DBF3F1B42E8F6006DE335 /* Frameworks */ = {
			isa = PBXFrameworksBuildPhase;
			buildActionMask = 2147483647;
			files = (
			);
			runOnlyForDeploymentPostprocessing = 0;
		};
/* End PBXFrameworksBuildPhase section */

/* Begin PBXGroup section */
		B67DBF201B42E8F5006DE335 = {
			isa = PBXGroup;
			children = (
				B67DBF2B1B42E8F6006DE335 /* LuaBridgeDemo */,
				B67DBF451B42E8F6006DE335 /* LuaBridgeDemoTests */,
				B67DBF2A1B42E8F6006DE335 /* Products */,
			);
			sourceTree = "<group>";
		};
		B67DBF2A1B42E8F6006DE335 /* Products */ = {
			isa = PBXGroup;
			children = (
				B67DBF291B42E8F6006DE335 /* LuaBridgeDemo.app */,
				B67DBF421B42E8F6006DE335 /* LuaBridgeDemoTests.xctest */,
			);
			name = Products;
			sourceTree = "<group>";
		};
		B67DBF2B1B42E8F6006DE335 /* LuaBridgeDemo */ = {
			isa = PBXGroup;
			children = (
				B67DBF301B42E8F6006DE335 /* AppDelegate.h */,
				B67DBF311B42E8F6006DE335 /* AppDelegate.m */,
				B67DBF331B42E8F6006DE335 /* ViewController.h */,
				B67DBF341B42E8F6006DE335 /* ViewController.m */,
				B67DBF361B42E8F6006DE335 /* Main.storyboard */,
				B67DBF391B42E8F6006DE335 /* Images.xcassets */,
				B67DBF3B1B42E8F6006DE335 /* LaunchScreen.xib */,
				B67DBF2C1B42E8F6006DE335 /* Supporting Files */,
			);
			path = LuaBridgeDemo;
			sourceTree = "<group>";
		};
		B67DBF2C1B42E8F6006DE335 /* Supporting Files */ = {
			isa = PBXGroup;
			children = (
				B67DBF2D1B42E8F6006DE335 /* Info.plist */,
				B67DBF2E1B42E8F6006DE335 /* main.m */,
			);
			name = "Supporting Files";
			sourceTree = "<group>";
		};
		B67DBF451B42E8F6006DE335 /* LuaBridgeDemoTests */ = {
			isa = PBXGroup;
			children = (
				B67DBF481B42E8F6006DE335 /* LuaBridgeDemoTests.m */,
				B67DBF461B42E8F6006DE335 /* Supporting Files */,
			);
			path = LuaBridgeDemoTests;
			sourceTree = "<group>";
		};
		B67DBF461B42E8F6006DE335 /* Supporting Files */ = {
			isa = PBXGroup;
			children = (
				B67DBF471B42E8F6006DE335 /* Info.plist */,
			);
			name = "Supporting Files";
			sourceTree = "<group>";
		};
/* End PBXGroup section */

/* Begin PBXNativeTarget section */
		B67DBF281B42E8F6006DE335 /* LuaBridgeDemo */ = {
			isa = PBXNativeTarget;
			buildConfigurationList = B67DBF4C1B42E8F6006DE335 /* Build configuration list for PBXNativeTarget "LuaBridgeDemo" */;
			buildPhases = (
				B67DBF251B42E8F6006DE335 /* Sources */,
				B67DBF261B42E8F6006DE335 /* Frameworks */,
				B67DBF271B42E8F6006DE335 /* Resources */,
			);
			buildRules = (
			);
			dependencies = (
			);
			name = LuaBridgeDemo;
			productName = LuaBridgeDemo;
			productReference = B67DBF291B42E8F6006DE335 /* LuaBridgeDemo.app */;
			productType = "com.apple.product-type.application";
		};
		B67DBF411B42E8F6006DE335 /* LuaBridgeDemoTests */ = {
			isa = PBXNativeTarget;
			buildConfigurationList = B67DBF4F1B42E8F6006DE335 /* Build configuration list for PBXNativeTarget "LuaBridgeDemoTests" */;
			buildPhases = (
				B67DBF3E1B42E8F6006DE335 /* Sources */,
				B67DBF3F1B42E8F6006DE335 /* Frameworks */,
				B67DBF401B42E8F6006DE335 /* Resources */,
			);
			buildRules = (
			);
			dependencies = (
				B67DBF441B42E8F6006DE335 /* PBXTargetDependency */,
			);
			name = LuaBridgeDemoTests;
			productName = LuaBridgeDemoTests;
			productReference = B67DBF421B42E8F6006DE335 /* LuaBridgeDemoTests.xctest */;
			productType = "com.apple.product-type.bundle.unit-test";
		};
/* End PBXNativeTarget section */

/* Begin PBXProject section */
		B67DBF211B42E8F5006DE335 /* Project object */ = {
			isa = PBXProject;
			attributes = {
				LastUpgradeCheck = 0610;
				ORGANIZATIONNAME = Baidu;
				TargetAttributes = {
					B67DBF281B42E8F6006DE335 = {
						CreatedOnToolsVersion = 6.1.1;
					};
					B67DBF411B42E8F6006DE335 = {
						CreatedOnToolsVersion = 6.1.1;
						TestTargetID = B67DBF281B42E8F6006DE335;
					};
				};
			};
			buildConfigurationList = B67DBF241B42E8F5006DE335 /* Build configuration list for PBXProject "LuaBridgeDemo" */;
			compatibilityVersion = "Xcode 3.2";
			developmentRegion = English;
			hasScannedForEncodings = 0;
			knownRegions = (
				en,
				Base,
			);
			mainGroup = B67DBF201B42E8F5006DE335;
			productRefGroup = B67DBF2A1B42E8F6006DE335 /* Products */;
			projectDirPath = "";
			projectRoot = "";
			targets = (
				B67DBF281B42E8F6006DE335 /* LuaBridgeDemo */,
				B67DBF411B42E8F6006DE335 /* LuaBridgeDemoTests */,
			);
		};
/* End PBXProject section */

/* Begin PBXResourcesBuildPhase section */
		B67DBF271B42E8F6006DE335 /* Resources */ = {
			isa = PBXResourcesBuildPhase;
			buildActionMask = 2147483647;
			files = (
				B67DBF381B42E8F6006DE335 /* Main.storyboard in Resources */,
				B67DBF3D1B42E8F6006DE335 /* LaunchScreen.xib in Resources */,
				B67DBF3A1B42E8F6006DE335 /* Images.xcassets in Resources */,
			);
			runOnlyForDeploymentPostprocessing = 0;
		};
		B67DBF401B42E8F6006DE335 /* Resources */ = {
			isa = PBXResourcesBuildPhase;
			buildActionMask = 2147483647;
			files = (
			);
			runOnlyForDeploymentPostprocessing = 0;
		};
/* End PBXResourcesBuildPhase section */

/* Begin PBXSourcesBuildPhase section */
		B67DBF251B42E8F6006DE335 /* Sources */ = {
			isa = PBXSourcesBuildPhase;
			buildActionMask = 2147483647;
			files = (
				B67DBF351B42E8F6006DE335 /* ViewController.m in Sources */,
				B67DBF321B42E8F6006DE335 /* AppDelegate.m in Sources */,
				B67DBF2F1B42E8F6006DE335 /* main.m in Sources */,
			);
			runOnlyForDeploymentPostprocessing = 0;
		};
		B67DBF3E1B42E8F6006DE335 /* Sources */ = {
			isa = PBXSourcesBuildPhase;
			buildActionMask = 2147483647;
			files = (
				B67DBF491B42E8F6006DE335 /* LuaBridgeDemoTests.m in Sources */,
			);
			runOnlyForDeploymentPostprocessing = 0;
		};
/* End PBXSourcesBuildPhase section */

/* Begin PBXTargetDependency section */
		B67DBF441B42E8F6006DE335 /* PBXTargetDependency */ = {
			isa = PBXTargetDependency;
			target = B67DBF281B42E8F6006DE335 /* LuaBridgeDemo */;
			targetProxy = B67DBF431B42E8F6006DE335 /* PBXContainerItemProxy */;
		};
/* End PBXTargetDependency section */

/* Begin PBXVariantGroup section */
		B67DBF361B42E8F6006DE335 /* Main.storyboard */ = {
			isa = PBXVariantGroup;
			children = (
				B67DBF371B42E8F6006DE335 /* Base */,
			);
			name = Main.storyboard;
			sourceTree = "<group>";
		};
		B67DBF3B1B42E8F6006DE335 /* LaunchScreen.xib */ = {
			isa = PBXVariantGroup;
			children = (
				B67DBF3C1B42E8F6006DE335 /* Base */,
			);
			name = LaunchScreen.xib;
			sourceTree = "<group>";
		};
/* End PBXVariantGroup section */

/* Begin XCBuildConfiguration section */
		B67DBF4A1B42E8F6006DE335 /* Debug */ = {
			isa = XCBuildConfiguration;
			buildSettings = {
				ALWAYS_SEARCH_USER_PATHS = NO;
				CLANG_CXX_LANGUAGE_STANDARD = "gnu++0x";
				CLANG_CXX_LIBRARY = "libc++";
				CLANG_ENABLE_MODULES = YES;
				CLANG_ENABLE_OBJC_ARC = YES;
				CLANG_WARN_BOOL_CONVERSION = YES;
				CLANG_WARN_CONSTANT_CONVERSION = YES;
				CLANG_WARN_DIRECT_OBJC_ISA_USAGE = YES_ERROR;
				CLANG_WARN_EMPTY_BODY = YES;
				CLANG_WARN_ENUM_CONVERSION = YES;
				CLANG_WARN_INT_CONVERSION = YES;
				CLANG_WARN_OBJC_ROOT_CLASS = YES_ERROR;
				CLANG_WARN_UNREACHABLE_CODE = YES;
				CLANG_WARN__DUPLICATE_METHOD_MATCH = YES;
				"CODE_SIGN_IDENTITY[sdk=iphoneos*]" = "iPhone Developer";
				COPY_PHASE_STRIP = NO;
				ENABLE_STRICT_OBJC_MSGSEND = YES;
				GCC_C_LANGUAGE_STANDARD = gnu99;
				GCC_DYNAMIC_NO_PIC = NO;
				GCC_OPTIMIZATION_LEVEL = 0;
				GCC_PREPROCESSOR_DEFINITIONS = (
					"DEBUG=1",
					"$(inherited)",
				);
				GCC_SYMBOLS_PRIVATE_EXTERN = NO;
				GCC_WARN_64_TO_32_BIT_CONVERSION = YES;
				GCC_WARN_ABOUT_RETURN_TYPE = YES_ERROR;
				GCC_WARN_UNDECLARED_SELECTOR = YES;
				GCC_WARN_UNINITIALIZED_AUTOS = YES_AGGRESSIVE;
				GCC_WARN_UNUSED_FUNCTION = YES;
				GCC_WARN_UNUSED_VARIABLE = YES;
				IPHONEOS_DEPLOYMENT_TARGET = 8.1;
				MTL_ENABLE_DEBUG_INFO = YES;
				ONLY_ACTIVE_ARCH = YES;
				SDKROOT = iphoneos;
			};
			name = Debug;
		};
		B67DBF4B1B42E8F6006DE335 /* Release */ = {
			isa = XCBuildConfiguration;
			buildSettings = {
				ALWAYS_SEARCH_USER_PATHS = NO;
				CLANG_CXX_LANGUAGE_STANDARD = "gnu++0x";
				CLANG_CXX_LIBRARY = "libc++";
				CLANG_ENABLE_MODULES = YES;
				CLANG_ENABLE_OBJC_ARC = YES;
				CLANG_WARN_BOOL_CONVERSION = YES;
				CLANG_WARN_CONSTANT_CONVERSION = YES;
				CLANG_WARN_DIRECT_OBJC_ISA_USAGE = YES_ERROR;
				CLANG_WARN_EMPTY_BODY = YES;
				CLANG_WARN_ENUM_CONVERSION = YES;
				CLANG_WARN_INT_CONVERSION = YES;
				CLANG_WARN_OBJC_ROOT_CLASS = YES_ERROR;
				CLANG_WARN_UNREACHABLE_CODE = YES;
				CLANG_WARN__DUPLICATE_METHOD_MATCH = YES;
				"CODE_SIGN_IDENTITY[sdk=iphoneos*]" = "iPhone Developer";
				COPY_PHASE_STRIP = YES;
				ENABLE_NS_ASSERTIONS = NO;
				ENABLE_STRICT_OBJC_MSGSEND = YES;
				GCC_C_LANGUAGE_STANDARD = gnu99;
				GCC_WARN_64_TO_32_BIT_CONVERSION = YES;
				GCC_WARN_ABOUT_RETURN_TYPE = YES_ERROR;
				GCC_WARN_UNDECLARED_SELECTOR = YES;
				GCC_WARN_UNINITIALIZED_AUTOS = YES_AGGRESSIVE;
				GCC_WARN_UNUSED_FUNCTION = YES;
				GCC_WARN_UNUSED_VARIABLE = YES;
				IPHONEOS_DEPLOYMENT_TARGET = 8.1;
				MTL_ENABLE_DEBUG_INFO = NO;
				SDKROOT = iphoneos;
				VALIDATE_PRODUCT = YES;
			};
			name = Release;
		};
		B67DBF4D1B42E8F6006DE335 /* Debug */ = {
			isa = XCBuildConfiguration;
			buildSettings = {
				ASSETCATALOG_COMPILER_APPICON_NAME = AppIcon;
				INFOPLIST_FILE = LuaBridgeDemo/Info.plist;
				LD_RUNPATH_SEARCH_PATHS = "$(inherited) @executable_path/Frameworks";
				PRODUCT_NAME = "$(TARGET_NAME)";
			};
			name = Debug;
		};
		B67DBF4E1B42E8F6006DE335 /* Release */ = {
			isa = XCBuildConfiguration;
			buildSettings = {
				ASSETCATALOG_COMPILER_APPICON_NAME = AppIcon;
				INFOPLIST_FILE = LuaBridgeDemo/Info.plist;
				LD_RUNPATH_SEARCH_PATHS = "$(inherited) @executable_path/Frameworks";
				PRODUCT_NAME = "$(TARGET_NAME)";
			};
			name = Release;
		};
		B67DBF501B42E8F6006DE335 /* Debug */ = {
			isa = XCBuildConfiguration;
			buildSettings = {
				BUNDLE_LOADER = "$(TEST_HOST)";
				FRAMEWORK_SEARCH_PATHS = (
					"$(SDKROOT)/Developer/Library/Frameworks",
					"$(inherited)",
				);
				GCC_PREPROCESSOR_DEFINITIONS = (
					"DEBUG=1",
					"$(inherited)",
				);
				INFOPLIST_FILE = LuaBridgeDemoTests/Info.plist;
				LD_RUNPATH_SEARCH_PATHS = "$(inherited) @executable_path/Frameworks @loader_path/Frameworks";
				PRODUCT_NAME = "$(TARGET_NAME)";
				TEST_HOST = "$(BUILT_PRODUCTS_DIR)/LuaBridgeDemo.app/LuaBridgeDemo";
			};
			name = Debug;
		};
		B67DBF511B42E8F6006DE335 /* Release */ = {
			isa = XCBuildConfiguration;
			buildSettings = {
				BUNDLE_LOADER = "$(TEST_HOST)";
				FRAMEWORK_SEARCH_PATHS = (
					"$(SDKROOT)/Developer/Library/Frameworks",
					"$(inherited)",
				);
				INFOPLIST_FILE = LuaBridgeDemoTests/Info.plist;
				LD_RUNPATH_SEARCH_PATHS = "$(inherited) @executable_path/Frameworks @loader_path/Frameworks";
				PRODUCT_NAME = "$(TARGET_NAME)";
				TEST_HOST = "$(BUILT_PRODUCTS_DIR)/LuaBridgeDemo.app/LuaBridgeDemo";
			};
			name = Release;
		};
/* End XCBuildConfiguration section */

/* Begin XCConfigurationList section */
		B67DBF241B42E8F5006DE335 /* Build configuration list for PBXProject "LuaBridgeDemo" */ = {
			isa = XCConfigurationList;
			buildConfigurations = (
				B67DBF4A1B42E8F6006DE335 /* Debug */,
				B67DBF4B1B42E8F6006DE335 /* Release */,
			);
			defaultConfigurationIsVisible = 0;
			defaultConfigurationName = Release;
		};
		B67DBF4C1B42E8F6006DE335 /* Build configuration list for PBXNativeTarget "LuaBridgeDemo" */ = {
			isa = XCConfigurationList;
			buildConfigurations = (
				B67DBF4D1B42E8F6006DE335 /* Debug */,
				B67DBF4E1B42E8F6006DE335 /* Release */,
			);
			defaultConfigurationIsVisible = 0;
		};
		B67DBF4F1B42E8F6006DE335 /* Build configuration list for PBXNativeTarget "LuaBridgeDemoTests" */ = {
			isa = XCConfigurationList;
			buildConfigurations = (
				B67DBF501B42E8F6006DE335 /* Debug */,
				B67DBF511B42E8F6006DE335 /* Release */,
			);
			defaultConfigurationIsVisible = 0;
		};
/* End XCConfigurationList section */
	};
	rootObject = B67DBF211B42E8F5006DE335 /* Project object */;
}
